
Microsoft Visual Studio Solution File, Format Version 12.00
# Visual Studio Version 17
VisualStudioVersion = 17.0.31903.59
MinimumVisualStudioVersion = 10.0.40219.1
Project("{FAE04EC0-301F-11D3-BF4B-00C04F79EFBC}") = "RdiTest.Api", "RdiTest.Api\RdiTest.Api.csproj", "{88D4DC10-BDFF-4A91-9A88-B5E8DEC6882C}"
EndProject
Project("{FAE04EC0-301F-11D3-BF4B-00C04F79EFBC}") = "RdiTest.Application", "RdiTest.Application\RdiTest.Application.csproj", "{1D31CBBC-4A6F-48AB-88AD-023E4E852ED4}"
EndProject
Project("{FAE04EC0-301F-11D3-BF4B-00C04F79EFBC}") = "RdiTest.Core", "RdiTest.Core\RdiTest.Core.csproj", "{66A6559A-0981-4C89-AFCF-F1FE61A87030}"
EndProject
Project("{FAE04EC0-301F-11D3-BF4B-00C04F79EFBC}") = "RdiTest.Infra", "RdiTest.Infra\RdiTest.Infra.csproj", "{E8DE37C3-BC31-451A-BDD5-1E0A91FC8B29}"
EndProject
Project("{2150E333-8FDC-42A3-9474-1A3956D46DE8}") = "tests", "tests", "{F552E735-6B85-4C6C-AEFB-F8720E73D1E7}"
EndProject
Project("{2150E333-8FDC-42A3-9474-1A3956D46DE8}") = "src", "src", "{F816889D-5517-4EBD-AA76-85E3D8276A24}"
EndProject
Project("{FAE04EC0-301F-11D3-BF4B-00C04F79EFBC}") = "RdiTest.Core.Tests", "RdiTest.Core.Tests\RdiTest.Core.Tests.csproj", "{80117731-F676-44EE-8276-58C9244FB205}"
EndProject
Project("{FAE04EC0-301F-11D3-BF4B-00C04F79EFBC}") = "RdiTest.Application.Tests", "RdiTest.Application.Tests\RdiTest.Application.Tests.csproj", "{15301498-7F34-4AE6-AFFE-97BEDBA4F15A}"
EndProject
Project("{FAE04EC0-301F-11D3-BF4B-00C04F79EFBC}") = "RdiTest.Api.Tests", "RdiTest.Api.Tests\RdiTest.Api.Tests.csproj", "{7C5BCE39-CE17-4AFB-9AC2-CD83471C48A9}"
EndProject
Global
	GlobalSection(SolutionConfigurationPlatforms) = preSolution
		Debug|Any CPU = Debug|Any CPU
		Release|Any CPU = Release|Any CPU
	EndGlobalSection
	GlobalSection(SolutionProperties) = preSolution
		HideSolutionNode = FALSE
	EndGlobalSection
	GlobalSection(ProjectConfigurationPlatforms) = postSolution
		{88D4DC10-BDFF-4A91-9A88-B5E8DEC6882C}.Debug|Any CPU.ActiveCfg = Debug|Any CPU
		{88D4DC10-BDFF-4A91-9A88-B5E8DEC6882C}.Debug|Any CPU.Build.0 = Debug|Any CPU
		{88D4DC10-BDFF-4A91-9A88-B5E8DEC6882C}.Release|Any CPU.ActiveCfg = Release|Any CPU
		{88D4DC10-BDFF-4A91-9A88-B5E8DEC6882C}.Release|Any CPU.Build.0 = Release|Any CPU
		{1D31CBBC-4A6F-48AB-88AD-023E4E852ED4}.Debug|Any CPU.ActiveCfg = Debug|Any CPU
		{1D31CBBC-4A6F-48AB-88AD-023E4E852ED4}.Debug|Any CPU.Build.0 = Debug|Any CPU
		{1D31CBBC-4A6F-48AB-88AD-023E4E852ED4}.Release|Any CPU.ActiveCfg = Release|Any CPU
		{1D31CBBC-4A6F-48AB-88AD-023E4E852ED4}.Release|Any CPU.Build.0 = Release|Any CPU
		{66A6559A-0981-4C89-AFCF-F1FE61A87030}.Debug|Any CPU.ActiveCfg = Debug|Any CPU
		{66A6559A-0981-4C89-AFCF-F1FE61A87030}.Debug|Any CPU.Build.0 = Debug|Any CPU
		{66A6559A-0981-4C89-AFCF-F1FE61A87030}.Release|Any CPU.ActiveCfg = Release|Any CPU
		{66A6559A-0981-4C89-AFCF-F1FE61A87030}.Release|Any CPU.Build.0 = Release|Any CPU
		{E8DE37C3-BC31-451A-BDD5-1E0A91FC8B29}.Debug|Any CPU.ActiveCfg = Debug|Any CPU
		{E8DE37C3-BC31-451A-BDD5-1E0A91FC8B29}.Debug|Any CPU.Build.0 = Debug|Any CPU
		{E8DE37C3-BC31-451A-BDD5-1E0A91FC8B29}.Release|Any CPU.ActiveCfg = Release|Any CPU
		{E8DE37C3-BC31-451A-BDD5-1E0A91FC8B29}.Release|Any CPU.Build.0 = Release|Any CPU
		{80117731-F676-44EE-8276-58C9244FB205}.Debug|Any CPU.ActiveCfg = Debug|Any CPU
		{80117731-F676-44EE-8276-58C9244FB205}.Debug|Any CPU.Build.0 = Debug|Any CPU
		{80117731-F676-44EE-8276-58C9244FB205}.Release|Any CPU.ActiveCfg = Release|Any CPU
		{80117731-F676-44EE-8276-58C9244FB205}.Release|Any CPU.Build.0 = Release|Any CPU
		{15301498-7F34-4AE6-AFFE-97BEDBA4F15A}.Debug|Any CPU.ActiveCfg = Debug|Any CPU
		{15301498-7F34-4AE6-AFFE-97BEDBA4F15A}.Debug|Any CPU.Build.0 = Debug|Any CPU
		{15301498-7F34-4AE6-AFFE-97BEDBA4F15A}.Release|Any CPU.ActiveCfg = Release|Any CPU
		{15301498-7F34-4AE6-AFFE-97BEDBA4F15A}.Release|Any CPU.Build.0 = Release|Any CPU
		{7C5BCE39-CE17-4AFB-9AC2-CD83471C48A9}.Debug|Any CPU.ActiveCfg = Debug|Any CPU
		{7C5BCE39-CE17-4AFB-9AC2-CD83471C48A9}.Debug|Any CPU.Build.0 = Debug|Any CPU
		{7C5BCE39-CE17-4AFB-9AC2-CD83471C48A9}.Release|Any CPU.ActiveCfg = Release|Any CPU
		{7C5BCE39-CE17-4AFB-9AC2-CD83471C48A9}.Release|Any CPU.Build.0 = Release|Any CPU
	EndGlobalSection
	GlobalSection(NestedProjects) = preSolution
		{88D4DC10-BDFF-4A91-9A88-B5E8DEC6882C} = {F816889D-5517-4EBD-AA76-85E3D8276A24}
		{1D31CBBC-4A6F-48AB-88AD-023E4E852ED4} = {F816889D-5517-4EBD-AA76-85E3D8276A24}
		{66A6559A-0981-4C89-AFCF-F1FE61A87030} = {F816889D-5517-4EBD-AA76-85E3D8276A24}
		{E8DE37C3-BC31-451A-BDD5-1E0A91FC8B29} = {F816889D-5517-4EBD-AA76-85E3D8276A24}
		{80117731-F676-44EE-8276-58C9244FB205} = {F552E735-6B85-4C6C-AEFB-F8720E73D1E7}
		{15301498-7F34-4AE6-AFFE-97BEDBA4F15A} = {F552E735-6B85-4C6C-AEFB-F8720E73D1E7}
		{7C5BCE39-CE17-4AFB-9AC2-CD83471C48A9} = {F552E735-6B85-4C6C-AEFB-F8720E73D1E7}
	EndGlobalSection
EndGlobal
